
Microsoft Visual Studio Solution File, Format Version 12.00
Project("{FAE04EC0-301F-11D3-BF4B-00C04F79EFBC}") = "TodoAPI", "TodoAPI.csproj", "{D0D8DB63-8BFE-45FC-B109-96C8BB72675D}"
EndProject
Global
	GlobalSection(SolutionConfigurationPlatforms) = preSolution
		Debug|Any CPU = Debug|Any CPU
		Release|Any CPU = Release|Any CPU
	EndGlobalSection
	GlobalSection(ProjectConfigurationPlatforms) = postSolution
		{D0D8DB63-8BFE-45FC-B109-96C8BB72675D}.Debug|Any CPU.ActiveCfg = Debug|Any CPU
		{D0D8DB63-8BFE-45FC-B109-96C8BB72675D}.Debug|Any CPU.Build.0 = Debug|Any CPU
		{D0D8DB63-8BFE-45FC-B109-96C8BB72675D}.Release|Any CPU.ActiveCfg = Release|Any CPU
		{D0D8DB63-8BFE-45FC-B109-96C8BB72675D}.Release|Any CPU.Build.0 = Release|Any CPU
	EndGlobalSection
EndGlobal
